Microsoft Visual Studio Solution File, Format Version 12.00
# Visual Studio 2012
Project("{FAE04EC0-301F-11D3-BF4B-00C04F79EFBC}") = "JFA_CS", "JFA_CS.csproj", "{50C144EE-B6DA-40B3-9F53-06F7C24716AF}"
EndProject
Global
	GlobalSection(SolutionConfigurationPlatforms) = preSolution
	Debug|Any CPU = Debug|Any CPU
	ExportDebug|Any CPU = ExportDebug|Any CPU
	ExportRelease|Any CPU = ExportRelease|Any CPU
	EndGlobalSection
	GlobalSection(ProjectConfigurationPlatforms) = postSolution
		{50C144EE-B6DA-40B3-9F53-06F7C24716AF}.Debug|Any CPU.ActiveCfg = Debug|Any CPU
		{50C144EE-B6DA-40B3-9F53-06F7C24716AF}.Debug|Any CPU.Build.0 = Debug|Any CPU
		{50C144EE-B6DA-40B3-9F53-06F7C24716AF}.ExportDebug|Any CPU.ActiveCfg = ExportDebug|Any CPU
		{50C144EE-B6DA-40B3-9F53-06F7C24716AF}.ExportDebug|Any CPU.Build.0 = ExportDebug|Any CPU
		{50C144EE-B6DA-40B3-9F53-06F7C24716AF}.ExportRelease|Any CPU.ActiveCfg = ExportRelease|Any CPU
		{50C144EE-B6DA-40B3-9F53-06F7C24716AF}.ExportRelease|Any CPU.Build.0 = ExportRelease|Any CPU
	EndGlobalSection
EndGlobal
